// !$*UTF8*$!
{
	archiveVersion = 1;
	classes = {
	};
	objectVersion = 77;
	objects = {

/* Begin PBXContainerItemProxy section */
		92D350262D6B039400CB4AFD /* PBXContainerItemProxy */ = {
			isa = PBXContainerItemProxy;
			containerPortal = 92D3500D2D6B039300CB4AFD /* Project object */;
			proxyType = 1;
			remoteGlobalIDString = 92D350142D6B039300CB4AFD;
			remoteInfo = BasketballScoreboard;
		};
		92D350302D6B039400CB4AFD /* PBXContainerItemProxy */ = {
			isa = PBXContainerItemProxy;
			containerPortal = 92D3500D2D6B039300CB4AFD /* Project object */;
			proxyType = 1;
			remoteGlobalIDString = 92D350142D6B039300CB4AFD;
			remoteInfo = BasketballScoreboard;
		};
/* End PBXContainerItemProxy section */

/* Begin PBXFileReference section */
		92D350152D6B039300CB4AFD /* BasketballScoreboard.app */ = {isa = PBXFileReference; explicitFileType = wrapper.application; includeInIndex = 0; path = BasketballScoreboard.app; sourceTree = BUILT_PRODUCTS_DIR; };
		92D350252D6B039400CB4AFD /* BasketballScoreboardTests.xctest */ = {isa = PBXFileReference; explicitFileType = wrapper.cfbundle; includeInIndex = 0; path = BasketballScoreboardTests.xctest; sourceTree = BUILT_PRODUCTS_DIR; };
		92D3502F2D6B039400CB4AFD /* BasketballScoreboardUITests.xctest */ = {isa = PBXFileReference; explicitFileType = wrapper.cfbundle; includeInIndex = 0; path = BasketballScoreboardUITests.xctest; sourceTree = BUILT_PRODUCTS_DIR; };
/* End PBXFileReference section */

/* Begin PBXFileSystemSynchronizedRootGroup section */
		92D350172D6B039300CB4AFD /* BasketballScoreboard */ = {
			isa = PBXFileSystemSynchronizedRootGroup;
			path = BasketballScoreboard;
			sourceTree = "<group>";
		};
		92D350282D6B039400CB4AFD /* BasketballScoreboardTests */ = {
			isa = PBXFileSystemSynchronizedRootGroup;
			path = BasketballScoreboardTests;
			sourceTree = "<group>";
		};
		92D350322D6B039400CB4AFD /* BasketballScoreboardUITests */ = {
			isa = PBXFileSystemSynchronizedRootGroup;
			path = BasketballScoreboardUITests;
			sourceTree = "<group>";
		};
/* End PBXFileSystemSynchronizedRootGroup section */

/* Begin PBXFrameworksBuildPhase section */
		92D350122D6B039300CB4AFD /* Frameworks */ = {
			isa = PBXFrameworksBuildPhase;
			buildActionMask = 2147483647;
			files = (
			);
			runOnlyForDeploymentPostprocessing = 0;
		};
		92D350222D6B039400CB4AFD /* Frameworks */ = {
			isa = PBXFrameworksBuildPhase;
			buildActionMask = 2147483647;
			files = (
			);
			runOnlyForDeploymentPostprocessing = 0;
		};
		92D3502C2D6B039400CB4AFD /* Frameworks */ = {
			isa = PBXFrameworksBuildPhase;
			buildActionMask = 2147483647;
			files = (
			);
			runOnlyForDeploymentPostprocessing = 0;
		};
/* End PBXFrameworksBuildPhase section */

/* Begin PBXGroup section */
		92D3500C2D6B039300CB4AFD = {
			isa = PBXGroup;
			children = (
				92D350172D6B039300CB4AFD /* BasketballScoreboard */,
				92D350282D6B039400CB4AFD /* BasketballScoreboardTests */,
				92D350322D6B039400CB4AFD /* BasketballScoreboardUITests */,
				92D350162D6B039300CB4AFD /* Products */,
			);
			sourceTree = "<group>";
		};
		92D350162D6B039300CB4AFD /* Products */ = {
			isa = PBXGroup;
			children = (
				92D350152D6B039300CB4AFD /* BasketballScoreboard.app */,
				92D350252D6B039400CB4AFD /* BasketballScoreboardTests.xctest */,
				92D3502F2D6B039400CB4AFD /* BasketballScoreboardUITests.xctest */,
			);
			name = Products;
			sourceTree = "<group>";
		};
/* End PBXGroup section */

/* Begin PBXNativeTarget section */
		92D350142D6B039300CB4AFD /* BasketballScoreboard */ = {
			isa = PBXNativeTarget;
			buildConfigurationList = 92D350392D6B039400CB4AFD /* Build configuration list for PBXNativeTarget "BasketballScoreboard" */;
			buildPhases = (
				92D350112D6B039300CB4AFD /* Sources */,
				92D350122D6B039300CB4AFD /* Frameworks */,
				92D350132D6B039300CB4AFD /* Resources */,
			);
			buildRules = (
			);
			dependencies = (
			);
			fileSystemSynchronizedGroups = (
				92D350172D6B039300CB4AFD /* BasketballScoreboard */,
			);
			name = BasketballScoreboard;
			packageProductDependencies = (
			);
			productName = BasketballScoreboard;
			productReference = 92D350152D6B039300CB4AFD /* BasketballScoreboard.app */;
			productType = "com.apple.product-type.application";
		};
		92D350242D6B039400CB4AFD /* BasketballScoreboardTests */ = {
			isa = PBXNativeTarget;
			buildConfigurationList = 92D3503C2D6B039400CB4AFD /* Build configuration list for PBXNativeTarget "BasketballScoreboardTests" */;
			buildPhases = (
				92D350212D6B039400CB4AFD /* Sources */,
				92D350222D6B039400CB4AFD /* Frameworks */,
				92D350232D6B039400CB4AFD /* Resources */,
			);
			buildRules = (
			);
			dependencies = (
				92D350272D6B039400CB4AFD /* PBXTargetDependency */,
			);
			fileSystemSynchronizedGroups = (
				92D350282D6B039400CB4AFD /* BasketballScoreboardTests */,
			);
			name = BasketballScoreboardTests;
			packageProductDependencies = (
			);
			productName = BasketballScoreboardTests;
			productReference = 92D350252D6B039400CB4AFD /* BasketballScoreboardTests.xctest */;
			productType = "com.apple.product-type.bundle.unit-test";
		};
		92D3502E2D6B039400CB4AFD /* BasketballScoreboardUITests */ = {
			isa = PBXNativeTarget;
			buildConfigurationList = 92D3503F2D6B039400CB4AFD /* Build configuration list for PBXNativeTarget "BasketballScoreboardUITests" */;
			buildPhases = (
				92D3502B2D6B039400CB4AFD /* Sources */,
				92D3502C2D6B039400CB4AFD /* Frameworks */,
				92D3502D2D6B039400CB4AFD /* Resources */,
			);
			buildRules = (
			);
			dependencies = (
				92D350312D6B039400CB4AFD /* PBXTargetDependency */,
			);
			fileSystemSynchronizedGroups = (
				92D350322D6B039400CB4AFD /* BasketballScoreboardUITests */,
			);
			name = BasketballScoreboardUITests;
			packageProductDependencies = (
			);
			productName = BasketballScoreboardUITests;
			productReference = 92D3502F2D6B039400CB4AFD /* BasketballScoreboardUITests.xctest */;
			productType = "com.apple.product-type.bundle.ui-testing";
		};
/* End PBXNativeTarget section */

/* Begin PBXProject section */
		92D3500D2D6B039300CB4AFD /* Project object */ = {
			isa = PBXProject;
			attributes = {
				BuildIndependentTargetsInParallel = 1;
				LastSwiftUpdateCheck = 1610;
				LastUpgradeCheck = 1610;
				TargetAttributes = {
					92D350142D6B039300CB4AFD = {
						CreatedOnToolsVersion = 16.1;
					};
					92D350242D6B039400CB4AFD = {
						CreatedOnToolsVersion = 16.1;
						TestTargetID = 92D350142D6B039300CB4AFD;
					};
					92D3502E2D6B039400CB4AFD = {
						CreatedOnToolsVersion = 16.1;
						TestTargetID = 92D350142D6B039300CB4AFD;
					};
				};
			};
			buildConfigurationList = 92D350102D6B039300CB4AFD /* Build configuration list for PBXProject "BasketballScoreboard" */;
			developmentRegion = en;
			hasScannedForEncodings = 0;
			knownRegions = (
				en,
				Base,
			);
			mainGroup = 92D3500C2D6B039300CB4AFD;
			minimizedProjectReferenceProxies = 1;
			preferredProjectObjectVersion = 77;
			productRefGroup = 92D350162D6B039300CB4AFD /* Products */;
			projectDirPath = "";
			projectRoot = "";
			targets = (
				92D350142D6B039300CB4AFD /* BasketballScoreboard */,
				92D350242D6B039400CB4AFD /* BasketballScoreboardTests */,
				92D3502E2D6B039400CB4AFD /* BasketballScoreboardUITests */,
			);
		};
/* End PBXProject section */

/* Begin PBXResourcesBuildPhase section */
		92D350132D6B039300CB4AFD /* Resources */ = {
			isa = PBXResourcesBuildPhase;
			buildActionMask = 2147483647;
			files = (
			);
			runOnlyForDeploymentPostprocessing = 0;
		};
		92D350232D6B039400CB4AFD /* Resources */ = {
			isa = PBXResourcesBuildPhase;
			buildActionMask = 2147483647;
			files = (
			);
			runOnlyForDeploymentPostprocessing = 0;
		};
		92D3502D2D6B039400CB4AFD /* Resources */ = {
			isa = PBXResourcesBuildPhase;
			buildActionMask = 2147483647;
			files = (
			);
			runOnlyForDeploymentPostprocessing = 0;
		};
/* End PBXResourcesBuildPhase section */

/* Begin PBXSourcesBuildPhase section */
		92D350112D6B039300CB4AFD /* Sources */ = {
			isa = PBXSourcesBuildPhase;
			buildActionMask = 2147483647;
			files = (
			);
			runOnlyForDeploymentPostprocessing = 0;
		};
		92D350212D6B039400CB4AFD /* Sources */ = {
			isa = PBXSourcesBuildPhase;
			buildActionMask = 2147483647;
			files = (
			);
			runOnlyForDeploymentPostprocessing = 0;
		};
		92D3502B2D6B039400CB4AFD /* Sources */ = {
			isa = PBXSourcesBuildPhase;
			buildActionMask = 2147483647;
			files = (
			);
			runOnlyForDeploymentPostprocessing = 0;
		};
/* End PBXSourcesBuildPhase section */

/* Begin PBXTargetDependency section */
		92D350272D6B039400CB4AFD /* PBXTargetDependency */ = {
			isa = PBXTargetDependency;
			target = 92D350142D6B039300CB4AFD /* BasketballScoreboard */;
			targetProxy = 92D350262D6B039400CB4AFD /* PBXContainerItemProxy */;
		};
		92D350312D6B039400CB4AFD /* PBXTargetDependency */ = {
			isa = PBXTargetDependency;
			target = 92D350142D6B039300CB4AFD /* BasketballScoreboard */;
			targetProxy = 92D350302D6B039400CB4AFD /* PBXContainerItemProxy */;
		};
/* End PBXTargetDependency section */

/* Begin XCBuildConfiguration section */
		92D350372D6B039400CB4AFD /* Debug */ = {
			isa = XCBuildConfiguration;
			buildSettings = {
				ALWAYS_SEARCH_USER_PATHS = NO;
				ASSETCATALOG_COMPILER_GENERATE_SWIFT_ASSET_SYMBOL_EXTENSIONS = YES;
				CLANG_ANALYZER_NONNULL = YES;
				CLANG_ANALYZER_NUMBER_OBJECT_CONVERSION = YES_AGGRESSIVE;
				CLANG_CXX_LANGUAGE_STANDARD = "gnu++20";
				CLANG_ENABLE_MODULES = YES;
				CLANG_ENABLE_OBJC_ARC = YES;
				CLANG_ENABLE_OBJC_WEAK = YES;
				CLANG_WARN_BLOCK_CAPTURE_AUTORELEASING = YES;
				CLANG_WARN_BOOL_CONVERSION = YES;
				CLANG_WARN_COMMA = YES;
				CLANG_WARN_CONSTANT_CONVERSION = YES;
				CLANG_WARN_DEPRECATED_OBJC_IMPLEMENTATIONS = YES;
				CLANG_WARN_DIRECT_OBJC_ISA_USAGE = YES_ERROR;
				CLANG_WARN_DOCUMENTATION_COMMENTS = YES;
				CLANG_WARN_EMPTY_BODY = YES;
				CLANG_WARN_ENUM_CONVERSION = YES;
				CLANG_WARN_INFINITE_RECURSION = YES;
				CLANG_WARN_INT_CONVERSION = YES;
				CLANG_WARN_NON_LITERAL_NULL_CONVERSION = YES;
				CLANG_WARN_OBJC_IMPLICIT_RETAIN_SELF = YES;
				CLANG_WARN_OBJC_LITERAL_CONVERSION = YES;
				CLANG_WARN_OBJC_ROOT_CLASS = YES_ERROR;
				CLANG_WARN_QUOTED_INCLUDE_IN_FRAMEWORK_HEADER = YES;
				CLANG_WARN_RANGE_LOOP_ANALYSIS = YES;
				CLANG_WARN_STRICT_PROTOTYPES = YES;
				CLANG_WARN_SUSPICIOUS_MOVE = YES;
				CLANG_WARN_UNGUARDED_AVAILABILITY = YES_AGGRESSIVE;
				CLANG_WARN_UNREACHABLE_CODE = YES;
				CLANG_WARN__DUPLICATE_METHOD_MATCH = YES;
				COPY_PHASE_STRIP = NO;
				DEBUG_INFORMATION_FORMAT = dwarf;
				ENABLE_STRICT_OBJC_MSGSEND = YES;
				ENABLE_TESTABILITY = YES;
				ENABLE_USER_SCRIPT_SANDBOXING = YES;
				GCC_C_LANGUAGE_STANDARD = gnu17;
				GCC_DYNAMIC_NO_PIC = NO;
				GCC_NO_COMMON_BLOCKS = YES;
				GCC_OPTIMIZATION_LEVEL = 0;
				GCC_PREPROCESSOR_DEFINITIONS = (
					"DEBUG=1",
					"$(inherited)",
				);
				GCC_WARN_64_TO_32_BIT_CONVERSION = YES;
				GCC_WARN_ABOUT_RETURN_TYPE = YES_ERROR;
				GCC_WARN_UNDECLARED_SELECTOR = YES;
				GCC_WARN_UNINITIALIZED_AUTOS = YES_AGGRESSIVE;
				GCC_WARN_UNUSED_FUNCTION = YES;
				GCC_WARN_UNUSED_VARIABLE = YES;
				IPHONEOS_DEPLOYMENT_TARGET = 18.1;
				LOCALIZATION_PREFERS_STRING_CATALOGS = YES;
				MTL_ENABLE_DEBUG_INFO = INCLUDE_SOURCE;
				MTL_FAST_MATH = YES;
				ONLY_ACTIVE_ARCH = YES;
				SDKROOT = iphoneos;
				SWIFT_ACTIVE_COMPILATION_CONDITIONS = "DEBUG $(inherited)";
				SWIFT_OPTIMIZATION_LEVEL = "-Onone";
			};
			name = Debug;
		};
		92D350382D6B039400CB4AFD /* Release */ = {
			isa = XCBuildConfiguration;
			buildSettings = {
				ALWAYS_SEARCH_USER_PATHS = NO;
				ASSETCATALOG_COMPILER_GENERATE_SWIFT_ASSET_SYMBOL_EXTENSIONS = YES;
				CLANG_ANALYZER_NONNULL = YES;
				CLANG_ANALYZER_NUMBER_OBJECT_CONVERSION = YES_AGGRESSIVE;
				CLANG_CXX_LANGUAGE_STANDARD = "gnu++20";
				CLANG_ENABLE_MODULES = YES;
				CLANG_ENABLE_OBJC_ARC = YES;
				CLANG_ENABLE_OBJC_WEAK = YES;
				CLANG_WARN_BLOCK_CAPTURE_AUTORELEASING = YES;
				CLANG_WARN_BOOL_CONVERSION = YES;
				CLANG_WARN_COMMA = YES;
				CLANG_WARN_CONSTANT_CONVERSION = YES;
				CLANG_WARN_DEPRECATED_OBJC_IMPLEMENTATIONS = YES;
				CLANG_WARN_DIRECT_OBJC_ISA_USAGE = YES_ERROR;
				CLANG_WARN_DOCUMENTATION_COMMENTS = YES;
				CLANG_WARN_EMPTY_BODY = YES;
				CLANG_WARN_ENUM_CONVERSION = YES;
				CLANG_WARN_INFINITE_RECURSION = YES;
				CLANG_WARN_INT_CONVERSION = YES;
				CLANG_WARN_NON_LITERAL_NULL_CONVERSION = YES;
				CLANG_WARN_OBJC_IMPLICIT_RETAIN_SELF = YES;
				CLANG_WARN_OBJC_LITERAL_CONVERSION = YES;
				CLANG_WARN_OBJC_ROOT_CLASS = YES_ERROR;
				CLANG_WARN_QUOTED_INCLUDE_IN_FRAMEWORK_HEADER = YES;
				CLANG_WARN_RANGE_LOOP_ANALYSIS = YES;
				CLANG_WARN_STRICT_PROTOTYPES = YES;
				CLANG_WARN_SUSPICIOUS_MOVE = YES;
				CLANG_WARN_UNGUARDED_AVAILABILITY = YES_AGGRESSIVE;
				CLANG_WARN_UNREACHABLE_CODE = YES;
				CLANG_WARN__DUPLICATE_METHOD_MATCH = YES;
				COPY_PHASE_STRIP = NO;
				DEBUG_INFORMATION_FORMAT = "dwarf-with-dsym";
				ENABLE_NS_ASSERTIONS = NO;
				ENABLE_STRICT_OBJC_MSGSEND = YES;
				ENABLE_USER_SCRIPT_SANDBOXING = YES;
				GCC_C_LANGUAGE_STANDARD = gnu17;
				GCC_NO_COMMON_BLOCKS = YES;
				GCC_WARN_64_TO_32_BIT_CONVERSION = YES;
				GCC_WARN_ABOUT_RETURN_TYPE = YES_ERROR;
				GCC_WARN_UNDECLARED_SELECTOR = YES;
				GCC_WARN_UNINITIALIZED_AUTOS = YES_AGGRESSIVE;
				GCC_WARN_UNUSED_FUNCTION = YES;
				GCC_WARN_UNUSED_VARIABLE = YES;
				IPHONEOS_DEPLOYMENT_TARGET = 18.1;
				LOCALIZATION_PREFERS_STRING_CATALOGS = YES;
				MTL_ENABLE_DEBUG_INFO = NO;
				MTL_FAST_MATH = YES;
				SDKROOT = iphoneos;
				SWIFT_COMPILATION_MODE = wholemodule;
				VALIDATE_PRODUCT = YES;
			};
			name = Release;
		};
		92D3503A2D6B039400CB4AFD /* Debug */ = {
			isa = XCBuildConfiguration;
			buildSettings = {
				ASSETCATALOG_COMPILER_APPICON_NAME = AppIcon;
				ASSETCATALOG_COMPILER_GLOBAL_ACCENT_COLOR_NAME = AccentColor;
				CODE_SIGN_STYLE = Automatic;
				CURRENT_PROJECT_VERSION = 1;
				DEVELOPMENT_ASSET_PATHS = "\"BasketballScoreboard/Preview Content\"";
				DEVELOPMENT_TEAM = 5KP73P2PWA;
				ENABLE_PREVIEWS = YES;
				GENERATE_INFOPLIST_FILE = YES;
				INFOPLIST_KEY_UIApplicationSceneManifest_Generation = YES;
				INFOPLIST_KEY_UIApplicationSupportsIndirectInputEvents = YES;
				INFOPLIST_KEY_UILaunchScreen_Generation = YES;
				INFOPLIST_KEY_UISupportedInterfaceOrientations_iPad = "UIInterfaceOrientationPortrait UIInterfaceOrientationPortraitUpsideDown UIInterfaceOrientationLandscapeLeft UIInterfaceOrientationLandscapeRight";
				INFOPLIST_KEY_UISupportedInterfaceOrientations_iPhone = "UIInterfaceOrientationPortrait UIInterfaceOrientationLandscapeLeft UIInterfaceOrientationLandscapeRight";
				LD_RUNPATH_SEARCH_PATHS = (
					"$(inherited)",
					"@executable_path/Frameworks",
				);
				MARKETING_VERSION = 1.0;
				PRODUCT_BUNDLE_IDENTIFIER = JWPARK.BasketballScoreboard;
				PRODUCT_NAME = "$(TARGET_NAME)";
				SWIFT_EMIT_LOC_STRINGS = YES;
				SWIFT_VERSION = 5.0;
				TARGETED_DEVICE_FAMILY = "1,2";
			};
			name = Debug;
		};
		92D3503B2D6B039400CB4AFD /* Release */ = {
			isa = XCBuildConfiguration;
			buildSettings = {
				ASSETCATALOG_COMPILER_APPICON_NAME = AppIcon;
				ASSETCATALOG_COMPILER_GLOBAL_ACCENT_COLOR_NAME = AccentColor;
				CODE_SIGN_STYLE = Automatic;
				CURRENT_PROJECT_VERSION = 1;
				DEVELOPMENT_ASSET_PATHS = "\"BasketballScoreboard/Preview Content\"";
				DEVELOPMENT_TEAM = 5KP73P2PWA;
				ENABLE_PREVIEWS = YES;
				GENERATE_INFOPLIST_FILE = YES;
				INFOPLIST_KEY_UIApplicationSceneManifest_Generation = YES;
				INFOPLIST_KEY_UIApplicationSupportsIndirectInputEvents = YES;
				INFOPLIST_KEY_UILaunchScreen_Generation = YES;
				INFOPLIST_KEY_UISupportedInterfaceOrientations_iPad = "UIInterfaceOrientationPortrait UIInterfaceOrientationPortraitUpsideDown UIInterfaceOrientationLandscapeLeft UIInterfaceOrientationLandscapeRight";
				INFOPLIST_KEY_UISupportedInterfaceOrientations_iPhone = "UIInterfaceOrientationPortrait UIInterfaceOrientationLandscapeLeft UIInterfaceOrientationLandscapeRight";
				LD_RUNPATH_SEARCH_PATHS = (
					"$(inherited)",
					"@executable_path/Frameworks",
				);
				MARKETING_VERSION = 1.0;
				PRODUCT_BUNDLE_IDENTIFIER = JWPARK.BasketballScoreboard;
				PRODUCT_NAME = "$(TARGET_NAME)";
				SWIFT_EMIT_LOC_STRINGS = YES;
				SWIFT_VERSION = 5.0;
				TARGETED_DEVICE_FAMILY = "1,2";
			};
			name = Release;
		};
		92D3503D2D6B039400CB4AFD /* Debug */ = {
			isa = XCBuildConfiguration;
			buildSettings = {
				BUNDLE_LOADER = "$(TEST_HOST)";
				CODE_SIGN_STYLE = Automatic;
				CURRENT_PROJECT_VERSION = 1;
				DEVELOPMENT_TEAM = 5KP73P2PWA;
				GENERATE_INFOPLIST_FILE = YES;
				IPHONEOS_DEPLOYMENT_TARGET = 18.1;
				MARKETING_VERSION = 1.0;
				PRODUCT_BUNDLE_IDENTIFIER = JWPARK.BasketballScoreboardTests;
				PRODUCT_NAME = "$(TARGET_NAME)";
				SWIFT_EMIT_LOC_STRINGS = NO;
				SWIFT_VERSION = 5.0;
				TARGETED_DEVICE_FAMILY = "1,2";
				TEST_HOST = "$(BUILT_PRODUCTS_DIR)/BasketballScoreboard.app/$(BUNDLE_EXECUTABLE_FOLDER_PATH)/BasketballScoreboard";
			};
			name = Debug;
		};
		92D3503E2D6B039400CB4AFD /* Release */ = {
			isa = XCBuildConfiguration;
			buildSettings = {
				BUNDLE_LOADER = "$(TEST_HOST)";
				CODE_SIGN_STYLE = Automatic;
				CURRENT_PROJECT_VERSION = 1;
				DEVELOPMENT_TEAM = 5KP73P2PWA;
				GENERATE_INFOPLIST_FILE = YES;
				IPHONEOS_DEPLOYMENT_TARGET = 18.1;
				MARKETING_VERSION = 1.0;
				PRODUCT_BUNDLE_IDENTIFIER = JWPARK.BasketballScoreboardTests;
				PRODUCT_NAME = "$(TARGET_NAME)";
				SWIFT_EMIT_LOC_STRINGS = NO;
				SWIFT_VERSION = 5.0;
				TARGETED_DEVICE_FAMILY = "1,2";
				TEST_HOST = "$(BUILT_PRODUCTS_DIR)/BasketballScoreboard.app/$(BUNDLE_EXECUTABLE_FOLDER_PATH)/BasketballScoreboard";
			};
			name = Release;
		};
		92D350402D6B039400CB4AFD /* Debug */ = {
			isa = XCBuildConfiguration;
			buildSettings = {
				CODE_SIGN_STYLE = Automatic;
				CURRENT_PROJECT_VERSION = 1;
				DEVELOPMENT_TEAM = 5KP73P2PWA;
				GENERATE_INFOPLIST_FILE = YES;
				MARKETING_VERSION = 1.0;
				PRODUCT_BUNDLE_IDENTIFIER = JWPARK.BasketballScoreboardUITests;
				PRODUCT_NAME = "$(TARGET_NAME)";
				SWIFT_EMIT_LOC_STRINGS = NO;
				SWIFT_VERSION = 5.0;
				TARGETED_DEVICE_FAMILY = "1,2";
				TEST_TARGET_NAME = BasketballScoreboard;
			};
			name = Debug;
		};
		92D350412D6B039400CB4AFD /* Release */ = {
			isa = XCBuildConfiguration;
			buildSettings = {
				CODE_SIGN_STYLE = Automatic;
				CURRENT_PROJECT_VERSION = 1;
				DEVELOPMENT_TEAM = 5KP73P2PWA;
				GENERATE_INFOPLIST_FILE = YES;
				MARKETING_VERSION = 1.0;
				PRODUCT_BUNDLE_IDENTIFIER = JWPARK.BasketballScoreboardUITests;
				PRODUCT_NAME = "$(TARGET_NAME)";
				SWIFT_EMIT_LOC_STRINGS = NO;
				SWIFT_VERSION = 5.0;
				TARGETED_DEVICE_FAMILY = "1,2";
				TEST_TARGET_NAME = BasketballScoreboard;
			};
			name = Release;
		};
/* End XCBuildConfiguration section */

/* Begin XCConfigurationList section */
		92D350102D6B039300CB4AFD /* Build configuration list for PBXProject "BasketballScoreboard" */ = {
			isa = XCConfigurationList;
			buildConfigurations = (
				92D350372D6B039400CB4AFD /* Debug */,
				92D350382D6B039400CB4AFD /* Release */,
			);
			defaultConfigurationIsVisible = 0;
			defaultConfigurationName = Release;
		};
		92D350392D6B039400CB4AFD /* Build configuration list for PBXNativeTarget "BasketballScoreboard" */ = {
			isa = XCConfigurationList;
			buildConfigurations = (
				92D3503A2D6B039400CB4AFD /* Debug */,
				92D3503B2D6B039400CB4AFD /* Release */,
			);
			defaultConfigurationIsVisible = 0;
			defaultConfigurationName = Release;
		};
		92D3503C2D6B039400CB4AFD /* Build configuration list for PBXNativeTarget "BasketballScoreboardTests" */ = {
			isa = XCConfigurationList;
			buildConfigurations = (
				92D3503D2D6B039400CB4AFD /* Debug */,
				92D3503E2D6B039400CB4AFD /* Release */,
			);
			defaultConfigurationIsVisible = 0;
			defaultConfigurationName = Release;
		};
		92D3503F2D6B039400CB4AFD /* Build configuration list for PBXNativeTarget "BasketballScoreboardUITests" */ = {
			isa = XCConfigurationList;
			buildConfigurations = (
				92D350402D6B039400CB4AFD /* Debug */,
				92D350412D6B039400CB4AFD /* Release */,
			);
			defaultConfigurationIsVisible = 0;
			defaultConfigurationName = Release;
		};
/* End XCConfigurationList section */
	};
	rootObject = 92D3500D2D6B039300CB4AFD /* Project object */;
}
